<?xml version="1.0" encoding="utf-8"?>
<Project ToolsVersion="4.0" xmlns="http://schemas.microsoft.com/developer/msbuild/2003">
  <ItemGroup>
    <Filter Include="Resource Files">
      <UniqueIdentifier>{1f457b3a-ccfa-4cd2-8d96-a479d83f541a}</UniqueIdentifier>
    </Filter>
    <Filter Include="Header Files">
      <UniqueIdentifier>{c252c08c-ad72-463c-8550-a159533414cf}</UniqueIdentifier>
    </Filter>
    <Filter Include="Source Files">
      <UniqueIdentifier>{3494bad8-2058-41cf-aef2-e3af3ebb7801}</UniqueIdentifier>
    </Filter>
  </ItemGroup>
  <ItemGroup>
    <ClInclude Include="ClientSocket.h">
      <Filter>Header Files</Filter>
    </ClInclude>
    <ClInclude Include="Feed.h">
      <Filter>Header Files</Filter>
    </ClInclude>
    <ClInclude Include="FriendsNetwork.h">
      <Filter>Header Files</Filter>
    </ClInclude>
    <ClInclude Include="InvertedIndex.h">
      <Filter>Header Files</Filter>
    </ClInclude>
    <ClInclude Include="PersonalProfile.h">
      <Filter>Header Files</Filter>
    </ClInclude>
    <ClInclude Include="Post.h">
      <Filter>Header Files</Filter>
    </ClInclude>
    <ClInclude Include="User.h">
      <Filter>Header Files</Filter>
    </ClInclude>
    <ClInclude Include="UserMenu.h">
      <Filter>Header Files</Filter>
    </ClInclude>
    <ClInclude Include="UserSearch.h">
      <Filter>Header Files</Filter>
    </ClInclude>
  </ItemGroup>
  <ItemGroup>
    <ClCompile Include="ClientMain.cpp">
      <Filter>Source Files</Filter>
    </ClCompile>
    <ClCompile Include="ClientSocket.cpp">
      <Filter>Source Files</Filter>
    </ClCompile>
    <ClCompile Include="Feed.cpp">
      <Filter>Source Files</Filter>
    </ClCompile>
    <ClCompile Include="FriendsNetwork.cpp">
      <Filter>Source Files</Filter>
    </ClCompile>
    <ClCompile Include="InvertedIndex.cpp">
      <Filter>Source Files</Filter>
    </ClCompile>
    <ClCompile Include="PersonalProfile.cpp">
      <Filter>Source Files</Filter>
    </ClCompile>
    <ClCompile Include="Post.cpp">
      <Filter>Source Files</Filter>
    </ClCompile>
    <ClCompile Include="User.cpp">
      <Filter>Source Files</Filter>
    </ClCompile>
    <ClCompile Include="UserMenu.cpp">
      <Filter>Source Files</Filter>
    </ClCompile>
    <ClCompile Include="UserSearch.cpp">
      <Filter>Source Files</Filter>
    </ClCompile>
  </ItemGroup>
</Project>